
Microsoft Visual Studio Solution File, Format Version 12.00
# Visual Studio Version 17
VisualStudioVersion = 17.5.33502.453
MinimumVisualStudioVersion = 10.0.40219.1
Project("{8BC9CEB8-8B4A-11D0-8D11-00A0C91BC942}") = "multipewarisan", "multipewarisan\multipewarisan.vcxproj", "{9172111D-DE13-44A9-9D36-8C7E2E835096}"
EndProject
Project("{8BC9CEB8-8B4A-11D0-8D11-00A0C91BC942}") = "problemMultiwaris", "problemMultiwaris\problemMultiwaris.vcxproj", "{C98B8AD0-C857-4365-A9BF-F70947D32DC5}"
EndProject
Project("{8BC9CEB8-8B4A-11D0-8D11-00A0C91BC942}") = "solveMultiwaris", "solveMultiwaris\solveMultiwaris.vcxproj", "{7D8B8358-6ACC-47C0-9F45-E889404F3304}"
EndProject
Project("{8BC9CEB8-8B4A-11D0-8D11-00A0C91BC942}") = "polymorphism", "polymorphism\polymorphism.vcxproj", "{BFA73754-FC2E-43A3-8317-EEBEB32D86E7}"
EndProject
Project("{8BC9CEB8-8B4A-11D0-8D11-00A0C91BC942}") = "noOverriding", "noOverriding\noOverriding.vcxproj", "{86FBE487-57AE-4D1E-BE2A-F7180D2BCBAC}"
EndProject
Project("{8BC9CEB8-8B4A-11D0-8D11-00A0C91BC942}") = "noPewarisan", "noPewarisan\noPewarisan.vcxproj", "{4F14B5D7-F626-4B20-AD50-1CCB366750CF}"
EndProject
Project("{8BC9CEB8-8B4A-11D0-8D11-00A0C91BC942}") = "enkapsulasi", "enkapsulasi\enkapsulasi.vcxproj", "{6C30D3AC-43C7-4491-9396-65950F61A6DA}"
EndProject
Project("{8BC9CEB8-8B4A-11D0-8D11-00A0C91BC942}") = "abstraksi", "abstraksi\abstraksi.vcxproj", "{69191ED1-6AA1-4C47-9D56-B428ABA802A1}"
EndProject
Global
	GlobalSection(SolutionConfigurationPlatforms) = preSolution
		Debug|x64 = Debug|x64
		Debug|x86 = Debug|x86
		Release|x64 = Release|x64
		Release|x86 = Release|x86
	EndGlobalSection
	GlobalSection(ProjectConfigurationPlatforms) = postSolution
		{9172111D-DE13-44A9-9D36-8C7E2E835096}.Debug|x64.ActiveCfg = Debug|x64
		{9172111D-DE13-44A9-9D36-8C7E2E835096}.Debug|x64.Build.0 = Debug|x64
		{9172111D-DE13-44A9-9D36-8C7E2E835096}.Debug|x86.ActiveCfg = Debug|Win32
		{9172111D-DE13-44A9-9D36-8C7E2E835096}.Debug|x86.Build.0 = Debug|Win32
		{9172111D-DE13-44A9-9D36-8C7E2E835096}.Release|x64.ActiveCfg = Release|x64
		{9172111D-DE13-44A9-9D36-8C7E2E835096}.Release|x64.Build.0 = Release|x64
		{9172111D-DE13-44A9-9D36-8C7E2E835096}.Release|x86.ActiveCfg = Release|Win32
		{9172111D-DE13-44A9-9D36-8C7E2E835096}.Release|x86.Build.0 = Release|Win32
		{C98B8AD0-C857-4365-A9BF-F70947D32DC5}.Debug|x64.ActiveCfg = Debug|x64
		{C98B8AD0-C857-4365-A9BF-F70947D32DC5}.Debug|x64.Build.0 = Debug|x64
		{C98B8AD0-C857-4365-A9BF-F70947D32DC5}.Debug|x86.ActiveCfg = Debug|Win32
		{C98B8AD0-C857-4365-A9BF-F70947D32DC5}.Debug|x86.Build.0 = Debug|Win32
		{C98B8AD0-C857-4365-A9BF-F70947D32DC5}.Release|x64.ActiveCfg = Release|x64
		{C98B8AD0-C857-4365-A9BF-F70947D32DC5}.Release|x64.Build.0 = Release|x64
		{C98B8AD0-C857-4365-A9BF-F70947D32DC5}.Release|x86.ActiveCfg = Release|Win32
		{C98B8AD0-C857-4365-A9BF-F70947D32DC5}.Release|x86.Build.0 = Release|Win32
		{7D8B8358-6ACC-47C0-9F45-E889404F3304}.Debug|x64.ActiveCfg = Debug|x64
		{7D8B8358-6ACC-47C0-9F45-E889404F3304}.Debug|x64.Build.0 = Debug|x64
		{7D8B8358-6ACC-47C0-9F45-E889404F3304}.Debug|x86.ActiveCfg = Debug|Win32
		{7D8B8358-6ACC-47C0-9F45-E889404F3304}.Debug|x86.Build.0 = Debug|Win32
		{7D8B8358-6ACC-47C0-9F45-E889404F3304}.Release|x64.ActiveCfg = Release|x64
		{7D8B8358-6ACC-47C0-9F45-E889404F3304}.Release|x64.Build.0 = Release|x64
		{7D8B8358-6ACC-47C0-9F45-E889404F3304}.Release|x86.ActiveCfg = Release|Win32
		{7D8B8358-6ACC-47C0-9F45-E889404F3304}.Release|x86.Build.0 = Release|Win32
		{BFA73754-FC2E-43A3-8317-EEBEB32D86E7}.Debug|x64.ActiveCfg = Debug|x64
		{BFA73754-FC2E-43A3-8317-EEBEB32D86E7}.Debug|x64.Build.0 = Debug|x64
		{BFA73754-FC2E-43A3-8317-EEBEB32D86E7}.Debug|x86.ActiveCfg = Debug|Win32
		{BFA73754-FC2E-43A3-8317-EEBEB32D86E7}.Debug|x86.Build.0 = Debug|Win32
		{BFA73754-FC2E-43A3-8317-EEBEB32D86E7}.Release|x64.ActiveCfg = Release|x64
		{BFA73754-FC2E-43A3-8317-EEBEB32D86E7}.Release|x64.Build.0 = Release|x64
		{BFA73754-FC2E-43A3-8317-EEBEB32D86E7}.Release|x86.ActiveCfg = Release|Win32
		{BFA73754-FC2E-43A3-8317-EEBEB32D86E7}.Release|x86.Build.0 = Release|Win32
		{86FBE487-57AE-4D1E-BE2A-F7180D2BCBAC}.Debug|x64.ActiveCfg = Debug|x64
		{86FBE487-57AE-4D1E-BE2A-F7180D2BCBAC}.Debug|x64.Build.0 = Debug|x64
		{86FBE487-57AE-4D1E-BE2A-F7180D2BCBAC}.Debug|x86.ActiveCfg = Debug|Win32
		{86FBE487-57AE-4D1E-BE2A-F7180D2BCBAC}.Debug|x86.Build.0 = Debug|Win32
		{86FBE487-57AE-4D1E-BE2A-F7180D2BCBAC}.Release|x64.ActiveCfg = Release|x64
		{86FBE487-57AE-4D1E-BE2A-F7180D2BCBAC}.Release|x64.Build.0 = Release|x64
		{86FBE487-57AE-4D1E-BE2A-F7180D2BCBAC}.Release|x86.ActiveCfg = Release|Win32
		{86FBE487-57AE-4D1E-BE2A-F7180D2BCBAC}.Release|x86.Build.0 = Release|Win32
		{4F14B5D7-F626-4B20-AD50-1CCB366750CF}.Debug|x64.ActiveCfg = Debug|x64
		{4F14B5D7-F626-4B20-AD50-1CCB366750CF}.Debug|x64.Build.0 = Debug|x64
		{4F14B5D7-F626-4B20-AD50-1CCB366750CF}.Debug|x86.ActiveCfg = Debug|Win32
		{4F14B5D7-F626-4B20-AD50-1CCB366750CF}.Debug|x86.Build.0 = Debug|Win32
		{4F14B5D7-F626-4B20-AD50-1CCB366750CF}.Release|x64.ActiveCfg = Release|x64
		{4F14B5D7-F626-4B20-AD50-1CCB366750CF}.Release|x64.Build.0 = Release|x64
		{4F14B5D7-F626-4B20-AD50-1CCB366750CF}.Release|x86.ActiveCfg = Release|Win32
		{4F14B5D7-F626-4B20-AD50-1CCB366750CF}.Release|x86.Build.0 = Release|Win32
		{6C30D3AC-43C7-4491-9396-65950F61A6DA}.Debug|x64.ActiveCfg = Debug|x64
		{6C30D3AC-43C7-4491-9396-65950F61A6DA}.Debug|x64.Build.0 = Debug|x64
		{6C30D3AC-43C7-4491-9396-65950F61A6DA}.Debug|x86.ActiveCfg = Debug|Win32
		{6C30D3AC-43C7-4491-9396-65950F61A6DA}.Debug|x86.Build.0 = Debug|Win32
		{6C30D3AC-43C7-4491-9396-65950F61A6DA}.Release|x64.ActiveCfg = Release|x64
		{6C30D3AC-43C7-4491-9396-65950F61A6DA}.Release|x64.Build.0 = Release|x64
		{6C30D3AC-43C7-4491-9396-65950F61A6DA}.Release|x86.ActiveCfg = Release|Win32
		{6C30D3AC-43C7-4491-9396-65950F61A6DA}.Release|x86.Build.0 = Release|Win32
		{69191ED1-6AA1-4C47-9D56-B428ABA802A1}.Debug|x64.ActiveCfg = Debug|x64
		{69191ED1-6AA1-4C47-9D56-B428ABA802A1}.Debug|x64.Build.0 = Debug|x64
		{69191ED1-6AA1-4C47-9D56-B428ABA802A1}.Debug|x86.ActiveCfg = Debug|Win32
		{69191ED1-6AA1-4C47-9D56-B428ABA802A1}.Debug|x86.Build.0 = Debug|Win32
		{69191ED1-6AA1-4C47-9D56-B428ABA802A1}.Release|x64.ActiveCfg = Release|x64
		{69191ED1-6AA1-4C47-9D56-B428ABA802A1}.Release|x64.Build.0 = Release|x64
		{69191ED1-6AA1-4C47-9D56-B428ABA802A1}.Release|x86.ActiveCfg = Release|Win32
		{69191ED1-6AA1-4C47-9D56-B428ABA802A1}.Release|x86.Build.0 = Release|Win32
	EndGlobalSection
	GlobalSection(SolutionProperties) = preSolution
		HideSolutionNode = FALSE
	EndGlobalSection
	GlobalSection(ExtensibilityGlobals) = postSolution
		SolutionGuid = {CA89C5D9-73B0-4233-94F2-3E9F6A9915F6}
	EndGlobalSection
EndGlobal
